
Microsoft Visual Studio Solution File, Format Version 12.00
# Visual Studio Version 16
VisualStudioVersion = 16.0.28407.52
MinimumVisualStudioVersion = 10.0.40219.1
Project("{FAE04EC0-301F-11D3-BF4B-00C04F79EFBC}") = "TeamsLogger.Console", "TeamsLogger.Console\TeamsLogger.Console.csproj", "{56AAFE85-3C3D-4F74-A757-8FCF288DF3EA}"
EndProject
Project("{FAE04EC0-301F-11D3-BF4B-00C04F79EFBC}") = "TeamsLogger", "TeamsLogger\TeamsLogger.csproj", "{F5B035A2-156F-4A6E-85CF-FD922AEE55C1}"
EndProject
Project("{FAE04EC0-301F-11D3-BF4B-00C04F79EFBC}") = "TeamsLogger.Tests", "TeamsLogger.Tests\TeamsLogger.Tests.csproj", "{C6749FDB-F000-4123-8286-4AF9A572015B}"
EndProject
Project("{9A19103F-16F7-4668-BE54-9A1E7A4F7556}") = "TeamsLogger.Core", "TeamsLogger.Core\TeamsLogger.Core.csproj", "{E5152CFE-3415-4842-9A56-F82A7EF64929}"
EndProject
Project("{FAE04EC0-301F-11D3-BF4B-00C04F79EFBC}") = "TeamsLogger.Core.Console", "TeamsLogger.Core.Console\TeamsLogger.Core.Console.csproj", "{684FAD14-623A-4E17-B312-114DB552F363}"
EndProject
Global
	GlobalSection(SolutionConfigurationPlatforms) = preSolution
		Debug|Any CPU = Debug|Any CPU
		Release|Any CPU = Release|Any CPU
	EndGlobalSection
	GlobalSection(ProjectConfigurationPlatforms) = postSolution
		{56AAFE85-3C3D-4F74-A757-8FCF288DF3EA}.Debug|Any CPU.ActiveCfg = Debug|Any CPU
		{56AAFE85-3C3D-4F74-A757-8FCF288DF3EA}.Debug|Any CPU.Build.0 = Debug|Any CPU
		{56AAFE85-3C3D-4F74-A757-8FCF288DF3EA}.Release|Any CPU.ActiveCfg = Release|Any CPU
		{56AAFE85-3C3D-4F74-A757-8FCF288DF3EA}.Release|Any CPU.Build.0 = Release|Any CPU
		{F5B035A2-156F-4A6E-85CF-FD922AEE55C1}.Debug|Any CPU.ActiveCfg = Debug|Any CPU
		{F5B035A2-156F-4A6E-85CF-FD922AEE55C1}.Debug|Any CPU.Build.0 = Debug|Any CPU
		{F5B035A2-156F-4A6E-85CF-FD922AEE55C1}.Release|Any CPU.ActiveCfg = Release|Any CPU
		{F5B035A2-156F-4A6E-85CF-FD922AEE55C1}.Release|Any CPU.Build.0 = Release|Any CPU
		{C6749FDB-F000-4123-8286-4AF9A572015B}.Debug|Any CPU.ActiveCfg = Debug|Any CPU
		{C6749FDB-F000-4123-8286-4AF9A572015B}.Debug|Any CPU.Build.0 = Debug|Any CPU
		{C6749FDB-F000-4123-8286-4AF9A572015B}.Release|Any CPU.ActiveCfg = Release|Any CPU
		{C6749FDB-F000-4123-8286-4AF9A572015B}.Release|Any CPU.Build.0 = Release|Any CPU
		{E5152CFE-3415-4842-9A56-F82A7EF64929}.Debug|Any CPU.ActiveCfg = Debug|Any CPU
		{E5152CFE-3415-4842-9A56-F82A7EF64929}.Debug|Any CPU.Build.0 = Debug|Any CPU
		{E5152CFE-3415-4842-9A56-F82A7EF64929}.Release|Any CPU.ActiveCfg = Release|Any CPU
		{E5152CFE-3415-4842-9A56-F82A7EF64929}.Release|Any CPU.Build.0 = Release|Any CPU
		{684FAD14-623A-4E17-B312-114DB552F363}.Debug|Any CPU.ActiveCfg = Debug|Any CPU
		{684FAD14-623A-4E17-B312-114DB552F363}.Debug|Any CPU.Build.0 = Debug|Any CPU
		{684FAD14-623A-4E17-B312-114DB552F363}.Release|Any CPU.ActiveCfg = Release|Any CPU
		{684FAD14-623A-4E17-B312-114DB552F363}.Release|Any CPU.Build.0 = Release|Any CPU
	EndGlobalSection
	GlobalSection(SolutionProperties) = preSolution
		HideSolutionNode = FALSE
	EndGlobalSection
	GlobalSection(ExtensibilityGlobals) = postSolution
		SolutionGuid = {4801800A-312B-4ACC-9CF7-B9B15FA0E182}
	EndGlobalSection
EndGlobal
